<?xml version="1.0" encoding="utf-8"?>
<Project ToolsVersion="16.0" xmlns="http://schemas.microsoft.com/developer/msbuild/2003">
  <ItemGroup>
    <CustomBuild Include="E:\My Documents\Compsci Yr5\CGRA251\Ass4\CMakeFiles\60e12ee2c73373f54cc361045a5c5d7c\INSTALL_force.rule">
      <Filter>CMake Rules</Filter>
    </CustomBuild>
  </ItemGroup>
  <ItemGroup>
    <Filter Include="CMake Rules">
      <UniqueIdentifier>{F4FA3EE5-ED4E-3300-A1C2-1EAD21704A2F}</UniqueIdentifier>
    </Filter>
  </ItemGroup>
</Project>
