Microsoft Visual Studio Solution File, Format Version 12.00
# Visual Studio 16
Project("{2150E333-8FDC-42A3-9474-1A3956D46DE8}") = "CGRA", "CGRA", "{C3D2C19A-9305-3A07-82C1-406F9A5204F8}"
EndProject
Project("{2150E333-8FDC-42A3-9474-1A3956D46DE8}") = "CMakePredefinedTargets", "CMakePredefinedTargets", "{1C199755-F6AD-36C7-A70D-0325DCB96389}"
EndProject
Project("{2150E333-8FDC-42A3-9474-1A3956D46DE8}") = "GLEW", "GLEW", "{CDDB4B94-D04F-3B43-8F2F-2B8CE13C1326}"
EndProject
Project("{2150E333-8FDC-42A3-9474-1A3956D46DE8}") = "GLFW3", "GLFW3", "{0E08E6FD-127A-33B7-9091-6CC09F93DF53}"
EndProject
Project("{8BC9CEB8-8B4A-11D0-8D11-00A0C91BC942}") = "a3", "src\a3.vcxproj", "{557ED86E-0DAC-3869-A753-D7D2537C9194}"
	ProjectSection(ProjectDependencies) = postProject
		{15A8822A-C8D8-38B2-AD24-A315F99F7DB4} = {15A8822A-C8D8-38B2-AD24-A315F99F7DB4}
		{0E22712A-0731-3D9F-BE40-F4AC4BE3123E} = {0E22712A-0731-3D9F-BE40-F4AC4BE3123E}
		{005F860D-F95C-3FB0-AE22-569AD13772D2} = {005F860D-F95C-3FB0-AE22-569AD13772D2}
		{613B4DE0-9A42-3D11-BB36-CFF629CCBC67} = {613B4DE0-9A42-3D11-BB36-CFF629CCBC67}
		{F47F0A8B-9FB9-32B9-9789-C44C1896D67D} = {F47F0A8B-9FB9-32B9-9789-C44C1896D67D}
	EndProjectSection
EndProject
Project("{8BC9CEB8-8B4A-11D0-8D11-00A0C91BC942}") = "ALL_BUILD", "ALL_BUILD.vcxproj", "{E3B2B262-EB48-337A-980A-56928715F662}"
	ProjectSection(ProjectDependencies) = postProject
		{15A8822A-C8D8-38B2-AD24-A315F99F7DB4} = {15A8822A-C8D8-38B2-AD24-A315F99F7DB4}
		{557ED86E-0DAC-3869-A753-D7D2537C9194} = {557ED86E-0DAC-3869-A753-D7D2537C9194}
		{0E22712A-0731-3D9F-BE40-F4AC4BE3123E} = {0E22712A-0731-3D9F-BE40-F4AC4BE3123E}
		{005F860D-F95C-3FB0-AE22-569AD13772D2} = {005F860D-F95C-3FB0-AE22-569AD13772D2}
		{FD6F4DC9-C994-377E-92BA-70BEC64D3C80} = {FD6F4DC9-C994-377E-92BA-70BEC64D3C80}
		{613B4DE0-9A42-3D11-BB36-CFF629CCBC67} = {613B4DE0-9A42-3D11-BB36-CFF629CCBC67}
		{F47F0A8B-9FB9-32B9-9789-C44C1896D67D} = {F47F0A8B-9FB9-32B9-9789-C44C1896D67D}
	EndProjectSection
EndProject
Project("{8BC9CEB8-8B4A-11D0-8D11-00A0C91BC942}") = "INSTALL", "INSTALL.vcxproj", "{8D959DE5-4911-3DAB-A820-D695DE7ACAFF}"
	ProjectSection(ProjectDependencies) = postProject
		{E3B2B262-EB48-337A-980A-56928715F662} = {E3B2B262-EB48-337A-980A-56928715F662}
		{15A8822A-C8D8-38B2-AD24-A315F99F7DB4} = {15A8822A-C8D8-38B2-AD24-A315F99F7DB4}
	EndProjectSection
EndProject
Project("{8BC9CEB8-8B4A-11D0-8D11-00A0C91BC942}") = "ZERO_CHECK", "ZERO_CHECK.vcxproj", "{15A8822A-C8D8-38B2-AD24-A315F99F7DB4}"
	ProjectSection(ProjectDependencies) = postProject
	EndProjectSection
EndProject
Project("{8BC9CEB8-8B4A-11D0-8D11-00A0C91BC942}") = "glew", "ext\glew-1.10.0\glew.vcxproj", "{0E22712A-0731-3D9F-BE40-F4AC4BE3123E}"
	ProjectSection(ProjectDependencies) = postProject
		{15A8822A-C8D8-38B2-AD24-A315F99F7DB4} = {15A8822A-C8D8-38B2-AD24-A315F99F7DB4}
	EndProjectSection
EndProject
Project("{8BC9CEB8-8B4A-11D0-8D11-00A0C91BC942}") = "glfw", "ext\glfw\src\glfw.vcxproj", "{005F860D-F95C-3FB0-AE22-569AD13772D2}"
	ProjectSection(ProjectDependencies) = postProject
		{15A8822A-C8D8-38B2-AD24-A315F99F7DB4} = {15A8822A-C8D8-38B2-AD24-A315F99F7DB4}
	EndProjectSection
EndProject
Project("{8BC9CEB8-8B4A-11D0-8D11-00A0C91BC942}") = "glm_dummy", "ext\glm\glm_dummy.vcxproj", "{FD6F4DC9-C994-377E-92BA-70BEC64D3C80}"
	ProjectSection(ProjectDependencies) = postProject
		{15A8822A-C8D8-38B2-AD24-A315F99F7DB4} = {15A8822A-C8D8-38B2-AD24-A315F99F7DB4}
	EndProjectSection
EndProject
Project("{8BC9CEB8-8B4A-11D0-8D11-00A0C91BC942}") = "imgui", "ext\imgui\imgui.vcxproj", "{613B4DE0-9A42-3D11-BB36-CFF629CCBC67}"
	ProjectSection(ProjectDependencies) = postProject
		{15A8822A-C8D8-38B2-AD24-A315F99F7DB4} = {15A8822A-C8D8-38B2-AD24-A315F99F7DB4}
	EndProjectSection
EndProject
Project("{8BC9CEB8-8B4A-11D0-8D11-00A0C91BC942}") = "res", "res\res.vcxproj", "{DA903806-F8E0-3D7D-AFF9-B99FF7282361}"
	ProjectSection(ProjectDependencies) = postProject
		{15A8822A-C8D8-38B2-AD24-A315F99F7DB4} = {15A8822A-C8D8-38B2-AD24-A315F99F7DB4}
	EndProjectSection
EndProject
Project("{8BC9CEB8-8B4A-11D0-8D11-00A0C91BC942}") = "stb", "ext\stb\stb.vcxproj", "{F47F0A8B-9FB9-32B9-9789-C44C1896D67D}"
	ProjectSection(ProjectDependencies) = postProject
		{15A8822A-C8D8-38B2-AD24-A315F99F7DB4} = {15A8822A-C8D8-38B2-AD24-A315F99F7DB4}
	EndProjectSection
EndProject
Project("{8BC9CEB8-8B4A-11D0-8D11-00A0C91BC942}") = "uninstall", "ext\glfw\uninstall.vcxproj", "{8C14A084-9E03-3334-B63B-6F21F792B127}"
	ProjectSection(ProjectDependencies) = postProject
		{15A8822A-C8D8-38B2-AD24-A315F99F7DB4} = {15A8822A-C8D8-38B2-AD24-A315F99F7DB4}
	EndProjectSection
EndProject
Global
	GlobalSection(SolutionConfigurationPlatforms) = preSolution
		Debug|x64 = Debug|x64
		Release|x64 = Release|x64
		MinSizeRel|x64 = MinSizeRel|x64
		RelWithDebInfo|x64 = RelWithDebInfo|x64
	EndGlobalSection
	GlobalSection(ProjectConfigurationPlatforms) = postSolution
		{557ED86E-0DAC-3869-A753-D7D2537C9194}.Debug|x64.ActiveCfg = Debug|x64
		{557ED86E-0DAC-3869-A753-D7D2537C9194}.Debug|x64.Build.0 = Debug|x64
		{557ED86E-0DAC-3869-A753-D7D2537C9194}.Release|x64.ActiveCfg = Release|x64
		{557ED86E-0DAC-3869-A753-D7D2537C9194}.Release|x64.Build.0 = Release|x64
		{557ED86E-0DAC-3869-A753-D7D2537C9194}.MinSizeRel|x64.ActiveCfg = MinSizeRel|x64
		{557ED86E-0DAC-3869-A753-D7D2537C9194}.MinSizeRel|x64.Build.0 = MinSizeRel|x64
		{557ED86E-0DAC-3869-A753-D7D2537C9194}.RelWithDebInfo|x64.ActiveCfg = RelWithDebInfo|x64
		{557ED86E-0DAC-3869-A753-D7D2537C9194}.RelWithDebInfo|x64.Build.0 = RelWithDebInfo|x64
		{E3B2B262-EB48-337A-980A-56928715F662}.Debug|x64.ActiveCfg = Debug|x64
		{E3B2B262-EB48-337A-980A-56928715F662}.Debug|x64.Build.0 = Debug|x64
		{E3B2B262-EB48-337A-980A-56928715F662}.Release|x64.ActiveCfg = Release|x64
		{E3B2B262-EB48-337A-980A-56928715F662}.Release|x64.Build.0 = Release|x64
		{E3B2B262-EB48-337A-980A-56928715F662}.MinSizeRel|x64.ActiveCfg = MinSizeRel|x64
		{E3B2B262-EB48-337A-980A-56928715F662}.MinSizeRel|x64.Build.0 = MinSizeRel|x64
		{E3B2B262-EB48-337A-980A-56928715F662}.RelWithDebInfo|x64.ActiveCfg = RelWithDebInfo|x64
		{E3B2B262-EB48-337A-980A-56928715F662}.RelWithDebInfo|x64.Build.0 = RelWithDebInfo|x64
		{8D959DE5-4911-3DAB-A820-D695DE7ACAFF}.Debug|x64.ActiveCfg = Debug|x64
		{8D959DE5-4911-3DAB-A820-D695DE7ACAFF}.Release|x64.ActiveCfg = Release|x64
		{8D959DE5-4911-3DAB-A820-D695DE7ACAFF}.MinSizeRel|x64.ActiveCfg = MinSizeRel|x64
		{8D959DE5-4911-3DAB-A820-D695DE7ACAFF}.RelWithDebInfo|x64.ActiveCfg = RelWithDebInfo|x64
		{15A8822A-C8D8-38B2-AD24-A315F99F7DB4}.Debug|x64.ActiveCfg = Debug|x64
		{15A8822A-C8D8-38B2-AD24-A315F99F7DB4}.Debug|x64.Build.0 = Debug|x64
		{15A8822A-C8D8-38B2-AD24-A315F99F7DB4}.Release|x64.ActiveCfg = Release|x64
		{15A8822A-C8D8-38B2-AD24-A315F99F7DB4}.Release|x64.Build.0 = Release|x64
		{15A8822A-C8D8-38B2-AD24-A315F99F7DB4}.MinSizeRel|x64.ActiveCfg = MinSizeRel|x64
		{15A8822A-C8D8-38B2-AD24-A315F99F7DB4}.MinSizeRel|x64.Build.0 = MinSizeRel|x64
		{15A8822A-C8D8-38B2-AD24-A315F99F7DB4}.RelWithDebInfo|x64.ActiveCfg = RelWithDebInfo|x64
		{15A8822A-C8D8-38B2-AD24-A315F99F7DB4}.RelWithDebInfo|x64.Build.0 = RelWithDebInfo|x64
		{0E22712A-0731-3D9F-BE40-F4AC4BE3123E}.Debug|x64.ActiveCfg = Debug|x64
		{0E22712A-0731-3D9F-BE40-F4AC4BE3123E}.Debug|x64.Build.0 = Debug|x64
		{0E22712A-0731-3D9F-BE40-F4AC4BE3123E}.Release|x64.ActiveCfg = Release|x64
		{0E22712A-0731-3D9F-BE40-F4AC4BE3123E}.Release|x64.Build.0 = Release|x64
		{0E22712A-0731-3D9F-BE40-F4AC4BE3123E}.MinSizeRel|x64.ActiveCfg = MinSizeRel|x64
		{0E22712A-0731-3D9F-BE40-F4AC4BE3123E}.MinSizeRel|x64.Build.0 = MinSizeRel|x64
		{0E22712A-0731-3D9F-BE40-F4AC4BE3123E}.RelWithDebInfo|x64.ActiveCfg = RelWithDebInfo|x64
		{0E22712A-0731-3D9F-BE40-F4AC4BE3123E}.RelWithDebInfo|x64.Build.0 = RelWithDebInfo|x64
		{005F860D-F95C-3FB0-AE22-569AD13772D2}.Debug|x64.ActiveCfg = Debug|x64
		{005F860D-F95C-3FB0-AE22-569AD13772D2}.Debug|x64.Build.0 = Debug|x64
		{005F860D-F95C-3FB0-AE22-569AD13772D2}.Release|x64.ActiveCfg = Release|x64
		{005F860D-F95C-3FB0-AE22-569AD13772D2}.Release|x64.Build.0 = Release|x64
		{005F860D-F95C-3FB0-AE22-569AD13772D2}.MinSizeRel|x64.ActiveCfg = MinSizeRel|x64
		{005F860D-F95C-3FB0-AE22-569AD13772D2}.MinSizeRel|x64.Build.0 = MinSizeRel|x64
		{005F860D-F95C-3FB0-AE22-569AD13772D2}.RelWithDebInfo|x64.ActiveCfg = RelWithDebInfo|x64
		{005F860D-F95C-3FB0-AE22-569AD13772D2}.RelWithDebInfo|x64.Build.0 = RelWithDebInfo|x64
		{FD6F4DC9-C994-377E-92BA-70BEC64D3C80}.Debug|x64.ActiveCfg = Debug|x64
		{FD6F4DC9-C994-377E-92BA-70BEC64D3C80}.Debug|x64.Build.0 = Debug|x64
		{FD6F4DC9-C994-377E-92BA-70BEC64D3C80}.Release|x64.ActiveCfg = Release|x64
		{FD6F4DC9-C994-377E-92BA-70BEC64D3C80}.Release|x64.Build.0 = Release|x64
		{FD6F4DC9-C994-377E-92BA-70BEC64D3C80}.MinSizeRel|x64.ActiveCfg = MinSizeRel|x64
		{FD6F4DC9-C994-377E-92BA-70BEC64D3C80}.MinSizeRel|x64.Build.0 = MinSizeRel|x64
		{FD6F4DC9-C994-377E-92BA-70BEC64D3C80}.RelWithDebInfo|x64.ActiveCfg = RelWithDebInfo|x64
		{FD6F4DC9-C994-377E-92BA-70BEC64D3C80}.RelWithDebInfo|x64.Build.0 = RelWithDebInfo|x64
		{613B4DE0-9A42-3D11-BB36-CFF629CCBC67}.Debug|x64.ActiveCfg = Debug|x64
		{613B4DE0-9A42-3D11-BB36-CFF629CCBC67}.Debug|x64.Build.0 = Debug|x64
		{613B4DE0-9A42-3D11-BB36-CFF629CCBC67}.Release|x64.ActiveCfg = Release|x64
		{613B4DE0-9A42-3D11-BB36-CFF629CCBC67}.Release|x64.Build.0 = Release|x64
		{613B4DE0-9A42-3D11-BB36-CFF629CCBC67}.MinSizeRel|x64.ActiveCfg = MinSizeRel|x64
		{613B4DE0-9A42-3D11-BB36-CFF629CCBC67}.MinSizeRel|x64.Build.0 = MinSizeRel|x64
		{613B4DE0-9A42-3D11-BB36-CFF629CCBC67}.RelWithDebInfo|x64.ActiveCfg = RelWithDebInfo|x64
		{613B4DE0-9A42-3D11-BB36-CFF629CCBC67}.RelWithDebInfo|x64.Build.0 = RelWithDebInfo|x64
		{DA903806-F8E0-3D7D-AFF9-B99FF7282361}.Debug|x64.ActiveCfg = Debug|x64
		{DA903806-F8E0-3D7D-AFF9-B99FF7282361}.Release|x64.ActiveCfg = Release|x64
		{DA903806-F8E0-3D7D-AFF9-B99FF7282361}.MinSizeRel|x64.ActiveCfg = MinSizeRel|x64
		{DA903806-F8E0-3D7D-AFF9-B99FF7282361}.RelWithDebInfo|x64.ActiveCfg = RelWithDebInfo|x64
		{F47F0A8B-9FB9-32B9-9789-C44C1896D67D}.Debug|x64.ActiveCfg = Debug|x64
		{F47F0A8B-9FB9-32B9-9789-C44C1896D67D}.Debug|x64.Build.0 = Debug|x64
		{F47F0A8B-9FB9-32B9-9789-C44C1896D67D}.Release|x64.ActiveCfg = Release|x64
		{F47F0A8B-9FB9-32B9-9789-C44C1896D67D}.Release|x64.Build.0 = Release|x64
		{F47F0A8B-9FB9-32B9-9789-C44C1896D67D}.MinSizeRel|x64.ActiveCfg = MinSizeRel|x64
		{F47F0A8B-9FB9-32B9-9789-C44C1896D67D}.MinSizeRel|x64.Build.0 = MinSizeRel|x64
		{F47F0A8B-9FB9-32B9-9789-C44C1896D67D}.RelWithDebInfo|x64.ActiveCfg = RelWithDebInfo|x64
		{F47F0A8B-9FB9-32B9-9789-C44C1896D67D}.RelWithDebInfo|x64.Build.0 = RelWithDebInfo|x64
		{8C14A084-9E03-3334-B63B-6F21F792B127}.Debug|x64.ActiveCfg = Debug|x64
		{8C14A084-9E03-3334-B63B-6F21F792B127}.Release|x64.ActiveCfg = Release|x64
		{8C14A084-9E03-3334-B63B-6F21F792B127}.MinSizeRel|x64.ActiveCfg = MinSizeRel|x64
		{8C14A084-9E03-3334-B63B-6F21F792B127}.RelWithDebInfo|x64.ActiveCfg = RelWithDebInfo|x64
	EndGlobalSection
	GlobalSection(NestedProjects) = preSolution
		{557ED86E-0DAC-3869-A753-D7D2537C9194} = {C3D2C19A-9305-3A07-82C1-406F9A5204F8}
		{E3B2B262-EB48-337A-980A-56928715F662} = {1C199755-F6AD-36C7-A70D-0325DCB96389}
		{8D959DE5-4911-3DAB-A820-D695DE7ACAFF} = {1C199755-F6AD-36C7-A70D-0325DCB96389}
		{15A8822A-C8D8-38B2-AD24-A315F99F7DB4} = {1C199755-F6AD-36C7-A70D-0325DCB96389}
		{0E22712A-0731-3D9F-BE40-F4AC4BE3123E} = {CDDB4B94-D04F-3B43-8F2F-2B8CE13C1326}
		{005F860D-F95C-3FB0-AE22-569AD13772D2} = {0E08E6FD-127A-33B7-9091-6CC09F93DF53}
	EndGlobalSection
	GlobalSection(ExtensibilityGlobals) = postSolution
		SolutionGuid = {F27B5B80-E580-36C0-A51F-3DF4BFE421C6}
	EndGlobalSection
	GlobalSection(ExtensibilityAddIns) = postSolution
	EndGlobalSection
EndGlobal
