Microsoft Visual Studio Solution File, Format Version 12.00
# Visual Studio 16
Project("{2150E333-8FDC-42A3-9474-1A3956D46DE8}") = "CMakePredefinedTargets", "CMakePredefinedTargets", "{5A6FA537-FF6F-3402-ABBC-0B448CCF0563}"
EndProject
Project("{2150E333-8FDC-42A3-9474-1A3956D46DE8}") = "GLEW", "GLEW", "{D5675A70-4F8D-35F3-A90C-FCF98B1A4B41}"
EndProject
Project("{8BC9CEB8-8B4A-11D0-8D11-00A0C91BC942}") = "ALL_BUILD", "ALL_BUILD.vcxproj", "{7CA92DDA-452F-372E-98F0-843D090D4DFD}"
	ProjectSection(ProjectDependencies) = postProject
		{8AC206B4-37E1-3D0A-B2D3-1FA6F2FDFB61} = {8AC206B4-37E1-3D0A-B2D3-1FA6F2FDFB61}
		{86F517D4-0DB3-3FC1-82F0-951A1951D555} = {86F517D4-0DB3-3FC1-82F0-951A1951D555}
	EndProjectSection
EndProject
Project("{8BC9CEB8-8B4A-11D0-8D11-00A0C91BC942}") = "INSTALL", "INSTALL.vcxproj", "{1FBB06F1-22A0-3C9F-85DE-00809735F18F}"
	ProjectSection(ProjectDependencies) = postProject
		{7CA92DDA-452F-372E-98F0-843D090D4DFD} = {7CA92DDA-452F-372E-98F0-843D090D4DFD}
		{8AC206B4-37E1-3D0A-B2D3-1FA6F2FDFB61} = {8AC206B4-37E1-3D0A-B2D3-1FA6F2FDFB61}
	EndProjectSection
EndProject
Project("{8BC9CEB8-8B4A-11D0-8D11-00A0C91BC942}") = "ZERO_CHECK", "..\..\\ZERO_CHECK.vcxproj", "{8AC206B4-37E1-3D0A-B2D3-1FA6F2FDFB61}"
	ProjectSection(ProjectDependencies) = postProject
	EndProjectSection
EndProject
Project("{8BC9CEB8-8B4A-11D0-8D11-00A0C91BC942}") = "glew", "glew.vcxproj", "{86F517D4-0DB3-3FC1-82F0-951A1951D555}"
	ProjectSection(ProjectDependencies) = postProject
		{8AC206B4-37E1-3D0A-B2D3-1FA6F2FDFB61} = {8AC206B4-37E1-3D0A-B2D3-1FA6F2FDFB61}
	EndProjectSection
EndProject
Global
	GlobalSection(SolutionConfigurationPlatforms) = preSolution
		Debug|x64 = Debug|x64
		Release|x64 = Release|x64
		MinSizeRel|x64 = MinSizeRel|x64
		RelWithDebInfo|x64 = RelWithDebInfo|x64
	EndGlobalSection
	GlobalSection(ProjectConfigurationPlatforms) = postSolution
		{7CA92DDA-452F-372E-98F0-843D090D4DFD}.Debug|x64.ActiveCfg = Debug|x64
		{7CA92DDA-452F-372E-98F0-843D090D4DFD}.Debug|x64.Build.0 = Debug|x64
		{7CA92DDA-452F-372E-98F0-843D090D4DFD}.Release|x64.ActiveCfg = Release|x64
		{7CA92DDA-452F-372E-98F0-843D090D4DFD}.Release|x64.Build.0 = Release|x64
		{7CA92DDA-452F-372E-98F0-843D090D4DFD}.MinSizeRel|x64.ActiveCfg = MinSizeRel|x64
		{7CA92DDA-452F-372E-98F0-843D090D4DFD}.MinSizeRel|x64.Build.0 = MinSizeRel|x64
		{7CA92DDA-452F-372E-98F0-843D090D4DFD}.RelWithDebInfo|x64.ActiveCfg = RelWithDebInfo|x64
		{7CA92DDA-452F-372E-98F0-843D090D4DFD}.RelWithDebInfo|x64.Build.0 = RelWithDebInfo|x64
		{1FBB06F1-22A0-3C9F-85DE-00809735F18F}.Debug|x64.ActiveCfg = Debug|x64
		{1FBB06F1-22A0-3C9F-85DE-00809735F18F}.Release|x64.ActiveCfg = Release|x64
		{1FBB06F1-22A0-3C9F-85DE-00809735F18F}.MinSizeRel|x64.ActiveCfg = MinSizeRel|x64
		{1FBB06F1-22A0-3C9F-85DE-00809735F18F}.RelWithDebInfo|x64.ActiveCfg = RelWithDebInfo|x64
		{8AC206B4-37E1-3D0A-B2D3-1FA6F2FDFB61}.Debug|x64.ActiveCfg = Debug|x64
		{8AC206B4-37E1-3D0A-B2D3-1FA6F2FDFB61}.Debug|x64.Build.0 = Debug|x64
		{8AC206B4-37E1-3D0A-B2D3-1FA6F2FDFB61}.Release|x64.ActiveCfg = Release|x64
		{8AC206B4-37E1-3D0A-B2D3-1FA6F2FDFB61}.Release|x64.Build.0 = Release|x64
		{8AC206B4-37E1-3D0A-B2D3-1FA6F2FDFB61}.MinSizeRel|x64.ActiveCfg = MinSizeRel|x64
		{8AC206B4-37E1-3D0A-B2D3-1FA6F2FDFB61}.MinSizeRel|x64.Build.0 = MinSizeRel|x64
		{8AC206B4-37E1-3D0A-B2D3-1FA6F2FDFB61}.RelWithDebInfo|x64.ActiveCfg = RelWithDebInfo|x64
		{8AC206B4-37E1-3D0A-B2D3-1FA6F2FDFB61}.RelWithDebInfo|x64.Build.0 = RelWithDebInfo|x64
		{86F517D4-0DB3-3FC1-82F0-951A1951D555}.Debug|x64.ActiveCfg = Debug|x64
		{86F517D4-0DB3-3FC1-82F0-951A1951D555}.Debug|x64.Build.0 = Debug|x64
		{86F517D4-0DB3-3FC1-82F0-951A1951D555}.Release|x64.ActiveCfg = Release|x64
		{86F517D4-0DB3-3FC1-82F0-951A1951D555}.Release|x64.Build.0 = Release|x64
		{86F517D4-0DB3-3FC1-82F0-951A1951D555}.MinSizeRel|x64.ActiveCfg = MinSizeRel|x64
		{86F517D4-0DB3-3FC1-82F0-951A1951D555}.MinSizeRel|x64.Build.0 = MinSizeRel|x64
		{86F517D4-0DB3-3FC1-82F0-951A1951D555}.RelWithDebInfo|x64.ActiveCfg = RelWithDebInfo|x64
		{86F517D4-0DB3-3FC1-82F0-951A1951D555}.RelWithDebInfo|x64.Build.0 = RelWithDebInfo|x64
	EndGlobalSection
	GlobalSection(NestedProjects) = preSolution
		{7CA92DDA-452F-372E-98F0-843D090D4DFD} = {5A6FA537-FF6F-3402-ABBC-0B448CCF0563}
		{1FBB06F1-22A0-3C9F-85DE-00809735F18F} = {5A6FA537-FF6F-3402-ABBC-0B448CCF0563}
		{8AC206B4-37E1-3D0A-B2D3-1FA6F2FDFB61} = {5A6FA537-FF6F-3402-ABBC-0B448CCF0563}
		{86F517D4-0DB3-3FC1-82F0-951A1951D555} = {D5675A70-4F8D-35F3-A90C-FCF98B1A4B41}
	EndGlobalSection
	GlobalSection(ExtensibilityGlobals) = postSolution
		SolutionGuid = {68EAFC4C-3597-37DE-A3AF-C39AC37CE8B1}
	EndGlobalSection
	GlobalSection(ExtensibilityAddIns) = postSolution
	EndGlobalSection
EndGlobal
