Microsoft Visual Studio Solution File, Format Version 12.00
# Visual Studio 16
Project("{2150E333-8FDC-42A3-9474-1A3956D46DE8}") = "CGRA", "CGRA", "{5D888960-AA4A-39F3-BF50-5ED05DEA4DF6}"
EndProject
Project("{2150E333-8FDC-42A3-9474-1A3956D46DE8}") = "CMakePredefinedTargets", "CMakePredefinedTargets", "{DFBE3FAE-B54F-3CED-8F4A-95145E44CF1E}"
EndProject
Project("{2150E333-8FDC-42A3-9474-1A3956D46DE8}") = "GLEW", "GLEW", "{4004B4C6-C337-3C13-9CA4-D034BEAF62CC}"
EndProject
Project("{2150E333-8FDC-42A3-9474-1A3956D46DE8}") = "GLFW3", "GLFW3", "{461CC42C-D3EA-3248-986B-41B4C3013F19}"
EndProject
Project("{8BC9CEB8-8B4A-11D0-8D11-00A0C91BC942}") = "a4", "src\a4.vcxproj", "{D2057B8F-1155-32F4-9BC8-BD4AF911153C}"
	ProjectSection(ProjectDependencies) = postProject
		{523EB020-D085-359D-9E5F-133629B0669E} = {523EB020-D085-359D-9E5F-133629B0669E}
		{72945ECA-D81D-3232-B63B-E6F56EC8726C} = {72945ECA-D81D-3232-B63B-E6F56EC8726C}
		{2B9175AC-0C69-3085-9CE1-A31102F339D9} = {2B9175AC-0C69-3085-9CE1-A31102F339D9}
		{B4567291-82F6-3CE5-A041-C5D0CD83A6B4} = {B4567291-82F6-3CE5-A041-C5D0CD83A6B4}
		{7A936EDE-D5D6-3D2F-AF9D-0B470482877E} = {7A936EDE-D5D6-3D2F-AF9D-0B470482877E}
	EndProjectSection
EndProject
Project("{8BC9CEB8-8B4A-11D0-8D11-00A0C91BC942}") = "ALL_BUILD", "ALL_BUILD.vcxproj", "{C56B0EBE-5728-3356-8E63-DDFD2AA1D62C}"
	ProjectSection(ProjectDependencies) = postProject
		{523EB020-D085-359D-9E5F-133629B0669E} = {523EB020-D085-359D-9E5F-133629B0669E}
		{D2057B8F-1155-32F4-9BC8-BD4AF911153C} = {D2057B8F-1155-32F4-9BC8-BD4AF911153C}
		{72945ECA-D81D-3232-B63B-E6F56EC8726C} = {72945ECA-D81D-3232-B63B-E6F56EC8726C}
		{2B9175AC-0C69-3085-9CE1-A31102F339D9} = {2B9175AC-0C69-3085-9CE1-A31102F339D9}
		{81CF7724-4090-3BD1-A6E5-DC1D6821532C} = {81CF7724-4090-3BD1-A6E5-DC1D6821532C}
		{B4567291-82F6-3CE5-A041-C5D0CD83A6B4} = {B4567291-82F6-3CE5-A041-C5D0CD83A6B4}
		{7A936EDE-D5D6-3D2F-AF9D-0B470482877E} = {7A936EDE-D5D6-3D2F-AF9D-0B470482877E}
	EndProjectSection
EndProject
Project("{8BC9CEB8-8B4A-11D0-8D11-00A0C91BC942}") = "INSTALL", "INSTALL.vcxproj", "{2C88B064-1AF2-3F62-9CAC-748425AE13C0}"
	ProjectSection(ProjectDependencies) = postProject
		{C56B0EBE-5728-3356-8E63-DDFD2AA1D62C} = {C56B0EBE-5728-3356-8E63-DDFD2AA1D62C}
		{523EB020-D085-359D-9E5F-133629B0669E} = {523EB020-D085-359D-9E5F-133629B0669E}
	EndProjectSection
EndProject
Project("{8BC9CEB8-8B4A-11D0-8D11-00A0C91BC942}") = "ZERO_CHECK", "ZERO_CHECK.vcxproj", "{523EB020-D085-359D-9E5F-133629B0669E}"
	ProjectSection(ProjectDependencies) = postProject
	EndProjectSection
EndProject
Project("{8BC9CEB8-8B4A-11D0-8D11-00A0C91BC942}") = "glew", "ext\glew-1.10.0\glew.vcxproj", "{72945ECA-D81D-3232-B63B-E6F56EC8726C}"
	ProjectSection(ProjectDependencies) = postProject
		{523EB020-D085-359D-9E5F-133629B0669E} = {523EB020-D085-359D-9E5F-133629B0669E}
	EndProjectSection
EndProject
Project("{8BC9CEB8-8B4A-11D0-8D11-00A0C91BC942}") = "glfw", "ext\glfw\src\glfw.vcxproj", "{2B9175AC-0C69-3085-9CE1-A31102F339D9}"
	ProjectSection(ProjectDependencies) = postProject
		{523EB020-D085-359D-9E5F-133629B0669E} = {523EB020-D085-359D-9E5F-133629B0669E}
	EndProjectSection
EndProject
Project("{8BC9CEB8-8B4A-11D0-8D11-00A0C91BC942}") = "glm_dummy", "ext\glm\glm_dummy.vcxproj", "{81CF7724-4090-3BD1-A6E5-DC1D6821532C}"
	ProjectSection(ProjectDependencies) = postProject
		{523EB020-D085-359D-9E5F-133629B0669E} = {523EB020-D085-359D-9E5F-133629B0669E}
	EndProjectSection
EndProject
Project("{8BC9CEB8-8B4A-11D0-8D11-00A0C91BC942}") = "imgui", "ext\imgui\imgui.vcxproj", "{B4567291-82F6-3CE5-A041-C5D0CD83A6B4}"
	ProjectSection(ProjectDependencies) = postProject
		{523EB020-D085-359D-9E5F-133629B0669E} = {523EB020-D085-359D-9E5F-133629B0669E}
	EndProjectSection
EndProject
Project("{8BC9CEB8-8B4A-11D0-8D11-00A0C91BC942}") = "res", "res\res.vcxproj", "{10066562-6433-362E-A406-15F6F40A4122}"
	ProjectSection(ProjectDependencies) = postProject
		{523EB020-D085-359D-9E5F-133629B0669E} = {523EB020-D085-359D-9E5F-133629B0669E}
	EndProjectSection
EndProject
Project("{8BC9CEB8-8B4A-11D0-8D11-00A0C91BC942}") = "stb", "ext\stb\stb.vcxproj", "{7A936EDE-D5D6-3D2F-AF9D-0B470482877E}"
	ProjectSection(ProjectDependencies) = postProject
		{523EB020-D085-359D-9E5F-133629B0669E} = {523EB020-D085-359D-9E5F-133629B0669E}
	EndProjectSection
EndProject
Project("{8BC9CEB8-8B4A-11D0-8D11-00A0C91BC942}") = "uninstall", "ext\glfw\uninstall.vcxproj", "{79191163-DC6D-362F-B742-E389D9DD5425}"
	ProjectSection(ProjectDependencies) = postProject
		{523EB020-D085-359D-9E5F-133629B0669E} = {523EB020-D085-359D-9E5F-133629B0669E}
	EndProjectSection
EndProject
Global
	GlobalSection(SolutionConfigurationPlatforms) = preSolution
		Debug|x64 = Debug|x64
		Release|x64 = Release|x64
		MinSizeRel|x64 = MinSizeRel|x64
		RelWithDebInfo|x64 = RelWithDebInfo|x64
	EndGlobalSection
	GlobalSection(ProjectConfigurationPlatforms) = postSolution
		{D2057B8F-1155-32F4-9BC8-BD4AF911153C}.Debug|x64.ActiveCfg = Debug|x64
		{D2057B8F-1155-32F4-9BC8-BD4AF911153C}.Debug|x64.Build.0 = Debug|x64
		{D2057B8F-1155-32F4-9BC8-BD4AF911153C}.Release|x64.ActiveCfg = Release|x64
		{D2057B8F-1155-32F4-9BC8-BD4AF911153C}.Release|x64.Build.0 = Release|x64
		{D2057B8F-1155-32F4-9BC8-BD4AF911153C}.MinSizeRel|x64.ActiveCfg = MinSizeRel|x64
		{D2057B8F-1155-32F4-9BC8-BD4AF911153C}.MinSizeRel|x64.Build.0 = MinSizeRel|x64
		{D2057B8F-1155-32F4-9BC8-BD4AF911153C}.RelWithDebInfo|x64.ActiveCfg = RelWithDebInfo|x64
		{D2057B8F-1155-32F4-9BC8-BD4AF911153C}.RelWithDebInfo|x64.Build.0 = RelWithDebInfo|x64
		{C56B0EBE-5728-3356-8E63-DDFD2AA1D62C}.Debug|x64.ActiveCfg = Debug|x64
		{C56B0EBE-5728-3356-8E63-DDFD2AA1D62C}.Debug|x64.Build.0 = Debug|x64
		{C56B0EBE-5728-3356-8E63-DDFD2AA1D62C}.Release|x64.ActiveCfg = Release|x64
		{C56B0EBE-5728-3356-8E63-DDFD2AA1D62C}.Release|x64.Build.0 = Release|x64
		{C56B0EBE-5728-3356-8E63-DDFD2AA1D62C}.MinSizeRel|x64.ActiveCfg = MinSizeRel|x64
		{C56B0EBE-5728-3356-8E63-DDFD2AA1D62C}.MinSizeRel|x64.Build.0 = MinSizeRel|x64
		{C56B0EBE-5728-3356-8E63-DDFD2AA1D62C}.RelWithDebInfo|x64.ActiveCfg = RelWithDebInfo|x64
		{C56B0EBE-5728-3356-8E63-DDFD2AA1D62C}.RelWithDebInfo|x64.Build.0 = RelWithDebInfo|x64
		{2C88B064-1AF2-3F62-9CAC-748425AE13C0}.Debug|x64.ActiveCfg = Debug|x64
		{2C88B064-1AF2-3F62-9CAC-748425AE13C0}.Release|x64.ActiveCfg = Release|x64
		{2C88B064-1AF2-3F62-9CAC-748425AE13C0}.MinSizeRel|x64.ActiveCfg = MinSizeRel|x64
		{2C88B064-1AF2-3F62-9CAC-748425AE13C0}.RelWithDebInfo|x64.ActiveCfg = RelWithDebInfo|x64
		{523EB020-D085-359D-9E5F-133629B0669E}.Debug|x64.ActiveCfg = Debug|x64
		{523EB020-D085-359D-9E5F-133629B0669E}.Debug|x64.Build.0 = Debug|x64
		{523EB020-D085-359D-9E5F-133629B0669E}.Release|x64.ActiveCfg = Release|x64
		{523EB020-D085-359D-9E5F-133629B0669E}.Release|x64.Build.0 = Release|x64
		{523EB020-D085-359D-9E5F-133629B0669E}.MinSizeRel|x64.ActiveCfg = MinSizeRel|x64
		{523EB020-D085-359D-9E5F-133629B0669E}.MinSizeRel|x64.Build.0 = MinSizeRel|x64
		{523EB020-D085-359D-9E5F-133629B0669E}.RelWithDebInfo|x64.ActiveCfg = RelWithDebInfo|x64
		{523EB020-D085-359D-9E5F-133629B0669E}.RelWithDebInfo|x64.Build.0 = RelWithDebInfo|x64
		{72945ECA-D81D-3232-B63B-E6F56EC8726C}.Debug|x64.ActiveCfg = Debug|x64
		{72945ECA-D81D-3232-B63B-E6F56EC8726C}.Debug|x64.Build.0 = Debug|x64
		{72945ECA-D81D-3232-B63B-E6F56EC8726C}.Release|x64.ActiveCfg = Release|x64
		{72945ECA-D81D-3232-B63B-E6F56EC8726C}.Release|x64.Build.0 = Release|x64
		{72945ECA-D81D-3232-B63B-E6F56EC8726C}.MinSizeRel|x64.ActiveCfg = MinSizeRel|x64
		{72945ECA-D81D-3232-B63B-E6F56EC8726C}.MinSizeRel|x64.Build.0 = MinSizeRel|x64
		{72945ECA-D81D-3232-B63B-E6F56EC8726C}.RelWithDebInfo|x64.ActiveCfg = RelWithDebInfo|x64
		{72945ECA-D81D-3232-B63B-E6F56EC8726C}.RelWithDebInfo|x64.Build.0 = RelWithDebInfo|x64
		{2B9175AC-0C69-3085-9CE1-A31102F339D9}.Debug|x64.ActiveCfg = Debug|x64
		{2B9175AC-0C69-3085-9CE1-A31102F339D9}.Debug|x64.Build.0 = Debug|x64
		{2B9175AC-0C69-3085-9CE1-A31102F339D9}.Release|x64.ActiveCfg = Release|x64
		{2B9175AC-0C69-3085-9CE1-A31102F339D9}.Release|x64.Build.0 = Release|x64
		{2B9175AC-0C69-3085-9CE1-A31102F339D9}.MinSizeRel|x64.ActiveCfg = MinSizeRel|x64
		{2B9175AC-0C69-3085-9CE1-A31102F339D9}.MinSizeRel|x64.Build.0 = MinSizeRel|x64
		{2B9175AC-0C69-3085-9CE1-A31102F339D9}.RelWithDebInfo|x64.ActiveCfg = RelWithDebInfo|x64
		{2B9175AC-0C69-3085-9CE1-A31102F339D9}.RelWithDebInfo|x64.Build.0 = RelWithDebInfo|x64
		{81CF7724-4090-3BD1-A6E5-DC1D6821532C}.Debug|x64.ActiveCfg = Debug|x64
		{81CF7724-4090-3BD1-A6E5-DC1D6821532C}.Debug|x64.Build.0 = Debug|x64
		{81CF7724-4090-3BD1-A6E5-DC1D6821532C}.Release|x64.ActiveCfg = Release|x64
		{81CF7724-4090-3BD1-A6E5-DC1D6821532C}.Release|x64.Build.0 = Release|x64
		{81CF7724-4090-3BD1-A6E5-DC1D6821532C}.MinSizeRel|x64.ActiveCfg = MinSizeRel|x64
		{81CF7724-4090-3BD1-A6E5-DC1D6821532C}.MinSizeRel|x64.Build.0 = MinSizeRel|x64
		{81CF7724-4090-3BD1-A6E5-DC1D6821532C}.RelWithDebInfo|x64.ActiveCfg = RelWithDebInfo|x64
		{81CF7724-4090-3BD1-A6E5-DC1D6821532C}.RelWithDebInfo|x64.Build.0 = RelWithDebInfo|x64
		{B4567291-82F6-3CE5-A041-C5D0CD83A6B4}.Debug|x64.ActiveCfg = Debug|x64
		{B4567291-82F6-3CE5-A041-C5D0CD83A6B4}.Debug|x64.Build.0 = Debug|x64
		{B4567291-82F6-3CE5-A041-C5D0CD83A6B4}.Release|x64.ActiveCfg = Release|x64
		{B4567291-82F6-3CE5-A041-C5D0CD83A6B4}.Release|x64.Build.0 = Release|x64
		{B4567291-82F6-3CE5-A041-C5D0CD83A6B4}.MinSizeRel|x64.ActiveCfg = MinSizeRel|x64
		{B4567291-82F6-3CE5-A041-C5D0CD83A6B4}.MinSizeRel|x64.Build.0 = MinSizeRel|x64
		{B4567291-82F6-3CE5-A041-C5D0CD83A6B4}.RelWithDebInfo|x64.ActiveCfg = RelWithDebInfo|x64
		{B4567291-82F6-3CE5-A041-C5D0CD83A6B4}.RelWithDebInfo|x64.Build.0 = RelWithDebInfo|x64
		{10066562-6433-362E-A406-15F6F40A4122}.Debug|x64.ActiveCfg = Debug|x64
		{10066562-6433-362E-A406-15F6F40A4122}.Release|x64.ActiveCfg = Release|x64
		{10066562-6433-362E-A406-15F6F40A4122}.MinSizeRel|x64.ActiveCfg = MinSizeRel|x64
		{10066562-6433-362E-A406-15F6F40A4122}.RelWithDebInfo|x64.ActiveCfg = RelWithDebInfo|x64
		{7A936EDE-D5D6-3D2F-AF9D-0B470482877E}.Debug|x64.ActiveCfg = Debug|x64
		{7A936EDE-D5D6-3D2F-AF9D-0B470482877E}.Debug|x64.Build.0 = Debug|x64
		{7A936EDE-D5D6-3D2F-AF9D-0B470482877E}.Release|x64.ActiveCfg = Release|x64
		{7A936EDE-D5D6-3D2F-AF9D-0B470482877E}.Release|x64.Build.0 = Release|x64
		{7A936EDE-D5D6-3D2F-AF9D-0B470482877E}.MinSizeRel|x64.ActiveCfg = MinSizeRel|x64
		{7A936EDE-D5D6-3D2F-AF9D-0B470482877E}.MinSizeRel|x64.Build.0 = MinSizeRel|x64
		{7A936EDE-D5D6-3D2F-AF9D-0B470482877E}.RelWithDebInfo|x64.ActiveCfg = RelWithDebInfo|x64
		{7A936EDE-D5D6-3D2F-AF9D-0B470482877E}.RelWithDebInfo|x64.Build.0 = RelWithDebInfo|x64
		{79191163-DC6D-362F-B742-E389D9DD5425}.Debug|x64.ActiveCfg = Debug|x64
		{79191163-DC6D-362F-B742-E389D9DD5425}.Release|x64.ActiveCfg = Release|x64
		{79191163-DC6D-362F-B742-E389D9DD5425}.MinSizeRel|x64.ActiveCfg = MinSizeRel|x64
		{79191163-DC6D-362F-B742-E389D9DD5425}.RelWithDebInfo|x64.ActiveCfg = RelWithDebInfo|x64
	EndGlobalSection
	GlobalSection(NestedProjects) = preSolution
		{D2057B8F-1155-32F4-9BC8-BD4AF911153C} = {5D888960-AA4A-39F3-BF50-5ED05DEA4DF6}
		{C56B0EBE-5728-3356-8E63-DDFD2AA1D62C} = {DFBE3FAE-B54F-3CED-8F4A-95145E44CF1E}
		{2C88B064-1AF2-3F62-9CAC-748425AE13C0} = {DFBE3FAE-B54F-3CED-8F4A-95145E44CF1E}
		{523EB020-D085-359D-9E5F-133629B0669E} = {DFBE3FAE-B54F-3CED-8F4A-95145E44CF1E}
		{72945ECA-D81D-3232-B63B-E6F56EC8726C} = {4004B4C6-C337-3C13-9CA4-D034BEAF62CC}
		{2B9175AC-0C69-3085-9CE1-A31102F339D9} = {461CC42C-D3EA-3248-986B-41B4C3013F19}
	EndGlobalSection
	GlobalSection(ExtensibilityGlobals) = postSolution
		SolutionGuid = {29A56F38-ECF6-3CEF-BC1B-6191B194DDDF}
	EndGlobalSection
	GlobalSection(ExtensibilityAddIns) = postSolution
	EndGlobalSection
EndGlobal
