Microsoft Visual Studio Solution File, Format Version 12.00
# Visual Studio 16
Project("{2150E333-8FDC-42A3-9474-1A3956D46DE8}") = "CMakePredefinedTargets", "CMakePredefinedTargets", "{E1A8C508-3A2B-3955-9585-4548821CDE95}"
EndProject
Project("{2150E333-8FDC-42A3-9474-1A3956D46DE8}") = "GLEW", "GLEW", "{BE6F4844-0AEA-36FC-8507-F3FF6654C391}"
EndProject
Project("{8BC9CEB8-8B4A-11D0-8D11-00A0C91BC942}") = "ALL_BUILD", "ALL_BUILD.vcxproj", "{8708DAB5-DB55-3918-B7A8-B7CA039EA18B}"
	ProjectSection(ProjectDependencies) = postProject
		{AF007331-FB21-3199-82AC-583E18AB1AFD} = {AF007331-FB21-3199-82AC-583E18AB1AFD}
		{4477C8A8-E4E3-3F6F-9ABC-F1660D7108EA} = {4477C8A8-E4E3-3F6F-9ABC-F1660D7108EA}
	EndProjectSection
EndProject
Project("{8BC9CEB8-8B4A-11D0-8D11-00A0C91BC942}") = "INSTALL", "INSTALL.vcxproj", "{E252FD84-5AD9-3079-8597-ED9A4D28BD55}"
	ProjectSection(ProjectDependencies) = postProject
		{8708DAB5-DB55-3918-B7A8-B7CA039EA18B} = {8708DAB5-DB55-3918-B7A8-B7CA039EA18B}
		{AF007331-FB21-3199-82AC-583E18AB1AFD} = {AF007331-FB21-3199-82AC-583E18AB1AFD}
	EndProjectSection
EndProject
Project("{8BC9CEB8-8B4A-11D0-8D11-00A0C91BC942}") = "ZERO_CHECK", "..\..\\ZERO_CHECK.vcxproj", "{AF007331-FB21-3199-82AC-583E18AB1AFD}"
	ProjectSection(ProjectDependencies) = postProject
	EndProjectSection
EndProject
Project("{8BC9CEB8-8B4A-11D0-8D11-00A0C91BC942}") = "glew", "glew.vcxproj", "{4477C8A8-E4E3-3F6F-9ABC-F1660D7108EA}"
	ProjectSection(ProjectDependencies) = postProject
		{AF007331-FB21-3199-82AC-583E18AB1AFD} = {AF007331-FB21-3199-82AC-583E18AB1AFD}
	EndProjectSection
EndProject
Global
	GlobalSection(SolutionConfigurationPlatforms) = preSolution
		Debug|x64 = Debug|x64
		Release|x64 = Release|x64
		MinSizeRel|x64 = MinSizeRel|x64
		RelWithDebInfo|x64 = RelWithDebInfo|x64
	EndGlobalSection
	GlobalSection(ProjectConfigurationPlatforms) = postSolution
		{8708DAB5-DB55-3918-B7A8-B7CA039EA18B}.Debug|x64.ActiveCfg = Debug|x64
		{8708DAB5-DB55-3918-B7A8-B7CA039EA18B}.Debug|x64.Build.0 = Debug|x64
		{8708DAB5-DB55-3918-B7A8-B7CA039EA18B}.Release|x64.ActiveCfg = Release|x64
		{8708DAB5-DB55-3918-B7A8-B7CA039EA18B}.Release|x64.Build.0 = Release|x64
		{8708DAB5-DB55-3918-B7A8-B7CA039EA18B}.MinSizeRel|x64.ActiveCfg = MinSizeRel|x64
		{8708DAB5-DB55-3918-B7A8-B7CA039EA18B}.MinSizeRel|x64.Build.0 = MinSizeRel|x64
		{8708DAB5-DB55-3918-B7A8-B7CA039EA18B}.RelWithDebInfo|x64.ActiveCfg = RelWithDebInfo|x64
		{8708DAB5-DB55-3918-B7A8-B7CA039EA18B}.RelWithDebInfo|x64.Build.0 = RelWithDebInfo|x64
		{E252FD84-5AD9-3079-8597-ED9A4D28BD55}.Debug|x64.ActiveCfg = Debug|x64
		{E252FD84-5AD9-3079-8597-ED9A4D28BD55}.Release|x64.ActiveCfg = Release|x64
		{E252FD84-5AD9-3079-8597-ED9A4D28BD55}.MinSizeRel|x64.ActiveCfg = MinSizeRel|x64
		{E252FD84-5AD9-3079-8597-ED9A4D28BD55}.RelWithDebInfo|x64.ActiveCfg = RelWithDebInfo|x64
		{AF007331-FB21-3199-82AC-583E18AB1AFD}.Debug|x64.ActiveCfg = Debug|x64
		{AF007331-FB21-3199-82AC-583E18AB1AFD}.Debug|x64.Build.0 = Debug|x64
		{AF007331-FB21-3199-82AC-583E18AB1AFD}.Release|x64.ActiveCfg = Release|x64
		{AF007331-FB21-3199-82AC-583E18AB1AFD}.Release|x64.Build.0 = Release|x64
		{AF007331-FB21-3199-82AC-583E18AB1AFD}.MinSizeRel|x64.ActiveCfg = MinSizeRel|x64
		{AF007331-FB21-3199-82AC-583E18AB1AFD}.MinSizeRel|x64.Build.0 = MinSizeRel|x64
		{AF007331-FB21-3199-82AC-583E18AB1AFD}.RelWithDebInfo|x64.ActiveCfg = RelWithDebInfo|x64
		{AF007331-FB21-3199-82AC-583E18AB1AFD}.RelWithDebInfo|x64.Build.0 = RelWithDebInfo|x64
		{4477C8A8-E4E3-3F6F-9ABC-F1660D7108EA}.Debug|x64.ActiveCfg = Debug|x64
		{4477C8A8-E4E3-3F6F-9ABC-F1660D7108EA}.Debug|x64.Build.0 = Debug|x64
		{4477C8A8-E4E3-3F6F-9ABC-F1660D7108EA}.Release|x64.ActiveCfg = Release|x64
		{4477C8A8-E4E3-3F6F-9ABC-F1660D7108EA}.Release|x64.Build.0 = Release|x64
		{4477C8A8-E4E3-3F6F-9ABC-F1660D7108EA}.MinSizeRel|x64.ActiveCfg = MinSizeRel|x64
		{4477C8A8-E4E3-3F6F-9ABC-F1660D7108EA}.MinSizeRel|x64.Build.0 = MinSizeRel|x64
		{4477C8A8-E4E3-3F6F-9ABC-F1660D7108EA}.RelWithDebInfo|x64.ActiveCfg = RelWithDebInfo|x64
		{4477C8A8-E4E3-3F6F-9ABC-F1660D7108EA}.RelWithDebInfo|x64.Build.0 = RelWithDebInfo|x64
	EndGlobalSection
	GlobalSection(NestedProjects) = preSolution
		{8708DAB5-DB55-3918-B7A8-B7CA039EA18B} = {E1A8C508-3A2B-3955-9585-4548821CDE95}
		{E252FD84-5AD9-3079-8597-ED9A4D28BD55} = {E1A8C508-3A2B-3955-9585-4548821CDE95}
		{AF007331-FB21-3199-82AC-583E18AB1AFD} = {E1A8C508-3A2B-3955-9585-4548821CDE95}
		{4477C8A8-E4E3-3F6F-9ABC-F1660D7108EA} = {BE6F4844-0AEA-36FC-8507-F3FF6654C391}
	EndGlobalSection
	GlobalSection(ExtensibilityGlobals) = postSolution
		SolutionGuid = {49E861D1-FB19-353F-A941-5A0ADE063441}
	EndGlobalSection
	GlobalSection(ExtensibilityAddIns) = postSolution
	EndGlobalSection
EndGlobal
