<?xml version="1.0" encoding="utf-8"?>
<Project ToolsVersion="16.0" xmlns="http://schemas.microsoft.com/developer/msbuild/2003">
  <ItemGroup>
    <CustomBuild Include="E:\My Documents\Compsci Yr5\CGRA251\Ass2\base\CMakeFiles\2dcaf38a5f05c730872f0a6ec0f385cd\generate.stamp.rule">
      <Filter>CMake Rules</Filter>
    </CustomBuild>
  </ItemGroup>
  <ItemGroup>
    <Filter Include="CMake Rules">
      <UniqueIdentifier>{4B19787F-AD22-39FE-ABAB-6B27CCF7873C}</UniqueIdentifier>
    </Filter>
  </ItemGroup>
</Project>
