<?xml version="1.0" encoding="utf-8"?>
<Project ToolsVersion="16.0" xmlns="http://schemas.microsoft.com/developer/msbuild/2003">
  <ItemGroup>
    <ClCompile Include="E:\My Documents\Compsci Yr5\CGRA251\Ass4\work\ext\glfw\src\context.c">
      <Filter>Source Files</Filter>
    </ClCompile>
    <ClCompile Include="E:\My Documents\Compsci Yr5\CGRA251\Ass4\work\ext\glfw\src\init.c">
      <Filter>Source Files</Filter>
    </ClCompile>
    <ClCompile Include="E:\My Documents\Compsci Yr5\CGRA251\Ass4\work\ext\glfw\src\input.c">
      <Filter>Source Files</Filter>
    </ClCompile>
    <ClCompile Include="E:\My Documents\Compsci Yr5\CGRA251\Ass4\work\ext\glfw\src\monitor.c">
      <Filter>Source Files</Filter>
    </ClCompile>
    <ClCompile Include="E:\My Documents\Compsci Yr5\CGRA251\Ass4\work\ext\glfw\src\window.c">
      <Filter>Source Files</Filter>
    </ClCompile>
    <ClCompile Include="E:\My Documents\Compsci Yr5\CGRA251\Ass4\work\ext\glfw\src\win32_init.c">
      <Filter>Source Files</Filter>
    </ClCompile>
    <ClCompile Include="E:\My Documents\Compsci Yr5\CGRA251\Ass4\work\ext\glfw\src\win32_monitor.c">
      <Filter>Source Files</Filter>
    </ClCompile>
    <ClCompile Include="E:\My Documents\Compsci Yr5\CGRA251\Ass4\work\ext\glfw\src\win32_time.c">
      <Filter>Source Files</Filter>
    </ClCompile>
    <ClCompile Include="E:\My Documents\Compsci Yr5\CGRA251\Ass4\work\ext\glfw\src\win32_tls.c">
      <Filter>Source Files</Filter>
    </ClCompile>
    <ClCompile Include="E:\My Documents\Compsci Yr5\CGRA251\Ass4\work\ext\glfw\src\win32_window.c">
      <Filter>Source Files</Filter>
    </ClCompile>
    <ClCompile Include="E:\My Documents\Compsci Yr5\CGRA251\Ass4\work\ext\glfw\src\winmm_joystick.c">
      <Filter>Source Files</Filter>
    </ClCompile>
    <ClCompile Include="E:\My Documents\Compsci Yr5\CGRA251\Ass4\work\ext\glfw\src\wgl_context.c">
      <Filter>Source Files</Filter>
    </ClCompile>
  </ItemGroup>
  <ItemGroup>
    <ClInclude Include="E:\My Documents\Compsci Yr5\CGRA251\Ass4\work\ext\glfw\src\internal.h">
      <Filter>Header Files</Filter>
    </ClInclude>
    <ClInclude Include="E:\My Documents\Compsci Yr5\CGRA251\Ass4\ext\glfw\src\glfw_config.h">
      <Filter>Header Files</Filter>
    </ClInclude>
    <ClInclude Include="E:\My Documents\Compsci Yr5\CGRA251\Ass4\work\ext\glfw\include\GLFW\glfw3.h">
      <Filter>Header Files</Filter>
    </ClInclude>
    <ClInclude Include="E:\My Documents\Compsci Yr5\CGRA251\Ass4\work\ext\glfw\include\GLFW\glfw3native.h">
      <Filter>Header Files</Filter>
    </ClInclude>
    <ClInclude Include="E:\My Documents\Compsci Yr5\CGRA251\Ass4\work\ext\glfw\src\win32_platform.h">
      <Filter>Header Files</Filter>
    </ClInclude>
    <ClInclude Include="E:\My Documents\Compsci Yr5\CGRA251\Ass4\work\ext\glfw\src\win32_tls.h">
      <Filter>Header Files</Filter>
    </ClInclude>
    <ClInclude Include="E:\My Documents\Compsci Yr5\CGRA251\Ass4\work\ext\glfw\src\winmm_joystick.h">
      <Filter>Header Files</Filter>
    </ClInclude>
    <ClInclude Include="E:\My Documents\Compsci Yr5\CGRA251\Ass4\work\ext\glfw\src\wgl_context.h">
      <Filter>Header Files</Filter>
    </ClInclude>
  </ItemGroup>
  <ItemGroup>
    <CustomBuild Include="E:\My Documents\Compsci Yr5\CGRA251\Ass4\work\ext\glfw\src\CMakeLists.txt" />
  </ItemGroup>
  <ItemGroup>
    <Filter Include="Header Files">
      <UniqueIdentifier>{49D5134B-0DCB-3DBB-B132-5E0456AE58CE}</UniqueIdentifier>
    </Filter>
    <Filter Include="Source Files">
      <UniqueIdentifier>{B8AC2E3F-6D4B-391D-8568-8F43DEAF2EF8}</UniqueIdentifier>
    </Filter>
  </ItemGroup>
</Project>
