<?xml version="1.0" encoding="utf-8"?>
<Project ToolsVersion="16.0" xmlns="http://schemas.microsoft.com/developer/msbuild/2003">
  <ItemGroup>
    <CustomBuild Include="E:\My Documents\Compsci Yr5\CGRA251\Ass3\CMakeFiles\fcfef4732c3a0faef2f01105c4fe4d24\INSTALL_force.rule">
      <Filter>CMake Rules</Filter>
    </CustomBuild>
  </ItemGroup>
  <ItemGroup>
    <Filter Include="CMake Rules">
      <UniqueIdentifier>{AE4A5F71-276F-3BF0-ABBA-6FA81498F451}</UniqueIdentifier>
    </Filter>
    <Filter Include="src">
      <UniqueIdentifier>{5814353F-DF35-3DE1-AD3D-5DD6F8F0B634}</UniqueIdentifier>
    </Filter>
  </ItemGroup>
</Project>
